
Microsoft Visual Studio Solution File, Format Version 12.00
# Visual Studio Version 16
VisualStudioVersion = 16.0.32510.428
MinimumVisualStudioVersion = 10.0.40219.1
Project("{FAE04EC0-301F-11D3-BF4B-00C04F79EFBC}") = "WinForm_hw_2", "WinForm_hw_2\WinForm_hw_2.csproj", "{D1CA69AF-B9CE-48CF-8765-87690E0EBA9F}"
EndProject
Global
	GlobalSection(SolutionConfigurationPlatforms) = preSolution
		Debug|Any CPU = Debug|Any CPU
		Release|Any CPU = Release|Any CPU
	EndGlobalSection
	GlobalSection(ProjectConfigurationPlatforms) = postSolution
		{D1CA69AF-B9CE-48CF-8765-87690E0EBA9F}.Debug|Any CPU.ActiveCfg = Debug|Any CPU
		{D1CA69AF-B9CE-48CF-8765-87690E0EBA9F}.Debug|Any CPU.Build.0 = Debug|Any CPU
		{D1CA69AF-B9CE-48CF-8765-87690E0EBA9F}.Release|Any CPU.ActiveCfg = Release|Any CPU
		{D1CA69AF-B9CE-48CF-8765-87690E0EBA9F}.Release|Any CPU.Build.0 = Release|Any CPU
	EndGlobalSection
	GlobalSection(SolutionProperties) = preSolution
		HideSolutionNode = FALSE
	EndGlobalSection
	GlobalSection(ExtensibilityGlobals) = postSolution
		SolutionGuid = {D7B9F108-416F-49A0-800A-C96D9B3358FB}
	EndGlobalSection
EndGlobal
